// !$*UTF8*$!
{
	archiveVersion = 1;
	classes = {
	};
	objectVersion = 55;
	objects = {

/* Begin PBXBuildFile section */
		F845BD4B2801C18D00936DBB /* VideoPlayerJsonApp.swift in Sources */ = {isa = PBXBuildFile; fileRef = F845BD4A2801C18D00936DBB /* VideoPlayerJsonApp.swift */; };
		F845BD4F2801C18E00936DBB /* Assets.xcassets in Resources */ = {isa = PBXBuildFile; fileRef = F845BD4E2801C18E00936DBB /* Assets.xcassets */; };
		F845BD522801C18E00936DBB /* Preview Assets.xcassets in Resources */ = {isa = PBXBuildFile; fileRef = F845BD512801C18E00936DBB /* Preview Assets.xcassets */; };
		F845BD5C2801C2B800936DBB /* QueryTagView.swift in Sources */ = {isa = PBXBuildFile; fileRef = F845BD5B2801C2B800936DBB /* QueryTagView.swift */; };
		F845BD632801C4B800936DBB /* VideoManager.swift in Sources */ = {isa = PBXBuildFile; fileRef = F845BD622801C4B800936DBB /* VideoManager.swift */; };
		F845BD652801C57E00936DBB /* HomeView.swift in Sources */ = {isa = PBXBuildFile; fileRef = F845BD642801C57E00936DBB /* HomeView.swift */; };
		F845BD682801C69F00936DBB /* VideoCardView.swift in Sources */ = {isa = PBXBuildFile; fileRef = F845BD672801C69F00936DBB /* VideoCardView.swift */; };
		F845BD6A2801CA6600936DBB /* VideoPlayerJSON.swift in Sources */ = {isa = PBXBuildFile; fileRef = F845BD692801CA6600936DBB /* VideoPlayerJSON.swift */; };
		F845BD6E280336DA00936DBB /* Video.swift in Sources */ = {isa = PBXBuildFile; fileRef = F845BD6D280336DA00936DBB /* Video.swift */; };
		F845BD76280339F300936DBB /* ModelData.swift in Sources */ = {isa = PBXBuildFile; fileRef = F845BD75280339F300936DBB /* ModelData.swift */; };
		F845BD7828033E1A00936DBB /* VideoPlayerViewModel.swift in Sources */ = {isa = PBXBuildFile; fileRef = F845BD7728033E1A00936DBB /* VideoPlayerViewModel.swift */; };
		F845BD7A280342C300936DBB /* videoData.json in Resources */ = {isa = PBXBuildFile; fileRef = F845BD79280342C300936DBB /* videoData.json */; };
		F845BD7C28035F6500936DBB /* VideoView.swift in Sources */ = {isa = PBXBuildFile; fileRef = F845BD7B28035F6500936DBB /* VideoView.swift */; };
		F845BD7E2803628700936DBB /* Query.swift in Sources */ = {isa = PBXBuildFile; fileRef = F845BD7D2803628700936DBB /* Query.swift */; };
/* End PBXBuildFile section */

/* Begin PBXFileReference section */
		F845BD472801C18D00936DBB /* VideoPlayerJson.app */ = {isa = PBXFileReference; explicitFileType = wrapper.application; includeInIndex = 0; path = VideoPlayerJson.app; sourceTree = BUILT_PRODUCTS_DIR; };
		F845BD4A2801C18D00936DBB /* VideoPlayerJsonApp.swift */ = {isa = PBXFileReference; lastKnownFileType = sourcecode.swift; path = VideoPlayerJsonApp.swift; sourceTree = "<group>"; };
		F845BD4E2801C18E00936DBB /* Assets.xcassets */ = {isa = PBXFileReference; lastKnownFileType = folder.assetcatalog; path = Assets.xcassets; sourceTree = "<group>"; };
		F845BD512801C18E00936DBB /* Preview Assets.xcassets */ = {isa = PBXFileReference; lastKnownFileType = folder.assetcatalog; path = "Preview Assets.xcassets"; sourceTree = "<group>"; };
		F845BD5B2801C2B800936DBB /* QueryTagView.swift */ = {isa = PBXFileReference; lastKnownFileType = sourcecode.swift; path = QueryTagView.swift; sourceTree = "<group>"; };
		F845BD622801C4B800936DBB /* VideoManager.swift */ = {isa = PBXFileReference; lastKnownFileType = sourcecode.swift; path = VideoManager.swift; sourceTree = "<group>"; };
		F845BD642801C57E00936DBB /* HomeView.swift */ = {isa = PBXFileReference; lastKnownFileType = sourcecode.swift; path = HomeView.swift; sourceTree = "<group>"; };
		F845BD672801C69F00936DBB /* VideoCardView.swift */ = {isa = PBXFileReference; lastKnownFileType = sourcecode.swift; path = VideoCardView.swift; sourceTree = "<group>"; };
		F845BD692801CA6600936DBB /* VideoPlayerJSON.swift */ = {isa = PBXFileReference; lastKnownFileType = sourcecode.swift; path = VideoPlayerJSON.swift; sourceTree = "<group>"; };
		F845BD6D280336DA00936DBB /* Video.swift */ = {isa = PBXFileReference; lastKnownFileType = sourcecode.swift; path = Video.swift; sourceTree = "<group>"; };
		F845BD75280339F300936DBB /* ModelData.swift */ = {isa = PBXFileReference; lastKnownFileType = sourcecode.swift; path = ModelData.swift; sourceTree = "<group>"; };
		F845BD7728033E1A00936DBB /* VideoPlayerViewModel.swift */ = {isa = PBXFileReference; lastKnownFileType = sourcecode.swift; path = VideoPlayerViewModel.swift; sourceTree = "<group>"; };
		F845BD79280342C300936DBB /* videoData.json */ = {isa = PBXFileReference; fileEncoding = 4; lastKnownFileType = text.json; path = videoData.json; sourceTree = "<group>"; };
		F845BD7B28035F6500936DBB /* VideoView.swift */ = {isa = PBXFileReference; lastKnownFileType = sourcecode.swift; path = VideoView.swift; sourceTree = "<group>"; };
		F845BD7D2803628700936DBB /* Query.swift */ = {isa = PBXFileReference; lastKnownFileType = sourcecode.swift; path = Query.swift; sourceTree = "<group>"; };
/* End PBXFileReference section */

/* Begin PBXFrameworksBuildPhase section */
		F845BD442801C18D00936DBB /* Frameworks */ = {
			isa = PBXFrameworksBuildPhase;
			buildActionMask = 2147483647;
			files = (
			);
			runOnlyForDeploymentPostprocessing = 0;
		};
/* End PBXFrameworksBuildPhase section */

/* Begin PBXGroup section */
		F845BD3E2801C18D00936DBB = {
			isa = PBXGroup;
			children = (
				F845BD492801C18D00936DBB /* VideoPlayerJson */,
				F845BD482801C18D00936DBB /* Products */,
			);
			sourceTree = "<group>";
		};
		F845BD482801C18D00936DBB /* Products */ = {
			isa = PBXGroup;
			children = (
				F845BD472801C18D00936DBB /* VideoPlayerJson.app */,
			);
			name = Products;
			sourceTree = "<group>";
		};
		F845BD492801C18D00936DBB /* VideoPlayerJson */ = {
			isa = PBXGroup;
			children = (
				F845BD4A2801C18D00936DBB /* VideoPlayerJsonApp.swift */,
				F845BD582801C1AC00936DBB /* Views */,
				F845BD592801C1B300936DBB /* ViewModels */,
				F845BD5A2801C1BA00936DBB /* Models */,
				F845BD612801C48B00936DBB /* Managers */,
				F845BD4E2801C18E00936DBB /* Assets.xcassets */,
				F845BD502801C18E00936DBB /* Preview Content */,
			);
			path = VideoPlayerJson;
			sourceTree = "<group>";
		};
		F845BD502801C18E00936DBB /* Preview Content */ = {
			isa = PBXGroup;
			children = (
				F845BD79280342C300936DBB /* videoData.json */,
				F845BD512801C18E00936DBB /* Preview Assets.xcassets */,
				F845BD75280339F300936DBB /* ModelData.swift */,
			);
			path = "Preview Content";
			sourceTree = "<group>";
		};
		F845BD582801C1AC00936DBB /* Views */ = {
			isa = PBXGroup;
			children = (
				F845BD642801C57E00936DBB /* HomeView.swift */,
				F845BD7B28035F6500936DBB /* VideoView.swift */,
				F845BD662801C68700936DBB /* Componets */,
			);
			path = Views;
			sourceTree = "<group>";
		};
		F845BD592801C1B300936DBB /* ViewModels */ = {
			isa = PBXGroup;
			children = (
				F845BD7728033E1A00936DBB /* VideoPlayerViewModel.swift */,
			);
			path = ViewModels;
			sourceTree = "<group>";
		};
		F845BD5A2801C1BA00936DBB /* Models */ = {
			isa = PBXGroup;
			children = (
				F845BD692801CA6600936DBB /* VideoPlayerJSON.swift */,
				F845BD6D280336DA00936DBB /* Video.swift */,
				F845BD7D2803628700936DBB /* Query.swift */,
			);
			path = Models;
			sourceTree = "<group>";
		};
		F845BD612801C48B00936DBB /* Managers */ = {
			isa = PBXGroup;
			children = (
				F845BD622801C4B800936DBB /* VideoManager.swift */,
			);
			path = Managers;
			sourceTree = "<group>";
		};
		F845BD662801C68700936DBB /* Componets */ = {
			isa = PBXGroup;
			children = (
				F845BD5B2801C2B800936DBB /* QueryTagView.swift */,
				F845BD672801C69F00936DBB /* VideoCardView.swift */,
			);
			path = Componets;
			sourceTree = "<group>";
		};
/* End PBXGroup section */

/* Begin PBXNativeTarget section */
		F845BD462801C18D00936DBB /* VideoPlayerJson */ = {
			isa = PBXNativeTarget;
			buildConfigurationList = F845BD552801C18E00936DBB /* Build configuration list for PBXNativeTarget "VideoPlayerJson" */;
			buildPhases = (
				F845BD432801C18D00936DBB /* Sources */,
				F845BD442801C18D00936DBB /* Frameworks */,
				F845BD452801C18D00936DBB /* Resources */,
			);
			buildRules = (
			);
			dependencies = (
			);
			name = VideoPlayerJson;
			productName = VideoPlayerJson;
			productReference = F845BD472801C18D00936DBB /* VideoPlayerJson.app */;
			productType = "com.apple.product-type.application";
		};
/* End PBXNativeTarget section */

/* Begin PBXProject section */
		F845BD3F2801C18D00936DBB /* Project object */ = {
			isa = PBXProject;
			attributes = {
				BuildIndependentTargetsInParallel = 1;
				LastSwiftUpdateCheck = 1330;
				LastUpgradeCheck = 1330;
				TargetAttributes = {
					F845BD462801C18D00936DBB = {
						CreatedOnToolsVersion = 13.3;
					};
				};
			};
			buildConfigurationList = F845BD422801C18D00936DBB /* Build configuration list for PBXProject "VideoPlayerJson" */;
			compatibilityVersion = "Xcode 13.0";
			developmentRegion = en;
			hasScannedForEncodings = 0;
			knownRegions = (
				en,
				Base,
			);
			mainGroup = F845BD3E2801C18D00936DBB;
			productRefGroup = F845BD482801C18D00936DBB /* Products */;
			projectDirPath = "";
			projectRoot = "";
			targets = (
				F845BD462801C18D00936DBB /* VideoPlayerJson */,
			);
		};
/* End PBXProject section */

/* Begin PBXResourcesBuildPhase section */
		F845BD452801C18D00936DBB /* Resources */ = {
			isa = PBXResourcesBuildPhase;
			buildActionMask = 2147483647;
			files = (
				F845BD522801C18E00936DBB /* Preview Assets.xcassets in Resources */,
				F845BD4F2801C18E00936DBB /* Assets.xcassets in Resources */,
				F845BD7A280342C300936DBB /* videoData.json in Resources */,
			);
			runOnlyForDeploymentPostprocessing = 0;
		};
/* End PBXResourcesBuildPhase section */

/* Begin PBXSourcesBuildPhase section */
		F845BD432801C18D00936DBB /* Sources */ = {
			isa = PBXSourcesBuildPhase;
			buildActionMask = 2147483647;
			files = (
				F845BD632801C4B800936DBB /* VideoManager.swift in Sources */,
				F845BD4B2801C18D00936DBB /* VideoPlayerJsonApp.swift in Sources */,
				F845BD7828033E1A00936DBB /* VideoPlayerViewModel.swift in Sources */,
				F845BD6A2801CA6600936DBB /* VideoPlayerJSON.swift in Sources */,
				F845BD652801C57E00936DBB /* HomeView.swift in Sources */,
				F845BD7E2803628700936DBB /* Query.swift in Sources */,
				F845BD6E280336DA00936DBB /* Video.swift in Sources */,
				F845BD7C28035F6500936DBB /* VideoView.swift in Sources */,
				F845BD76280339F300936DBB /* ModelData.swift in Sources */,
				F845BD5C2801C2B800936DBB /* QueryTagView.swift in Sources */,
				F845BD682801C69F00936DBB /* VideoCardView.swift in Sources */,
			);
			runOnlyForDeploymentPostprocessing = 0;
		};
/* End PBXSourcesBuildPhase section */

/* Begin XCBuildConfiguration section */
		F845BD532801C18E00936DBB /* Debug */ = {
			isa = XCBuildConfiguration;
			buildSettings = {
				ALWAYS_SEARCH_USER_PATHS = NO;
				CLANG_ANALYZER_NONNULL = YES;
				CLANG_ANALYZER_NUMBER_OBJECT_CONVERSION = YES_AGGRESSIVE;
				CLANG_CXX_LANGUAGE_STANDARD = "gnu++17";
				CLANG_ENABLE_MODULES = YES;
				CLANG_ENABLE_OBJC_ARC = YES;
				CLANG_ENABLE_OBJC_WEAK = YES;
				CLANG_WARN_BLOCK_CAPTURE_AUTORELEASING = YES;
				CLANG_WARN_BOOL_CONVERSION = YES;
				CLANG_WARN_COMMA = YES;
				CLANG_WARN_CONSTANT_CONVERSION = YES;
				CLANG_WARN_DEPRECATED_OBJC_IMPLEMENTATIONS = YES;
				CLANG_WARN_DIRECT_OBJC_ISA_USAGE = YES_ERROR;
				CLANG_WARN_DOCUMENTATION_COMMENTS = YES;
				CLANG_WARN_EMPTY_BODY = YES;
				CLANG_WARN_ENUM_CONVERSION = YES;
				CLANG_WARN_INFINITE_RECURSION = YES;
				CLANG_WARN_INT_CONVERSION = YES;
				CLANG_WARN_NON_LITERAL_NULL_CONVERSION = YES;
				CLANG_WARN_OBJC_IMPLICIT_RETAIN_SELF = YES;
				CLANG_WARN_OBJC_LITERAL_CONVERSION = YES;
				CLANG_WARN_OBJC_ROOT_CLASS = YES_ERROR;
				CLANG_WARN_QUOTED_INCLUDE_IN_FRAMEWORK_HEADER = YES;
				CLANG_WARN_RANGE_LOOP_ANALYSIS = YES;
				CLANG_WARN_STRICT_PROTOTYPES = YES;
				CLANG_WARN_SUSPICIOUS_MOVE = YES;
				CLANG_WARN_UNGUARDED_AVAILABILITY = YES_AGGRESSIVE;
				CLANG_WARN_UNREACHABLE_CODE = YES;
				CLANG_WARN__DUPLICATE_METHOD_MATCH = YES;
				COPY_PHASE_STRIP = NO;
				DEBUG_INFORMATION_FORMAT = dwarf;
				ENABLE_STRICT_OBJC_MSGSEND = YES;
				ENABLE_TESTABILITY = YES;
				GCC_C_LANGUAGE_STANDARD = gnu11;
				GCC_DYNAMIC_NO_PIC = NO;
				GCC_NO_COMMON_BLOCKS = YES;
				GCC_OPTIMIZATION_LEVEL = 0;
				GCC_PREPROCESSOR_DEFINITIONS = (
					"DEBUG=1",
					"$(inherited)",
				);
				GCC_WARN_64_TO_32_BIT_CONVERSION = YES;
				GCC_WARN_ABOUT_RETURN_TYPE = YES_ERROR;
				GCC_WARN_UNDECLARED_SELECTOR = YES;
				GCC_WARN_UNINITIALIZED_AUTOS = YES_AGGRESSIVE;
				GCC_WARN_UNUSED_FUNCTION = YES;
				GCC_WARN_UNUSED_VARIABLE = YES;
				IPHONEOS_DEPLOYMENT_TARGET = 15.4;
				MTL_ENABLE_DEBUG_INFO = INCLUDE_SOURCE;
				MTL_FAST_MATH = YES;
				ONLY_ACTIVE_ARCH = YES;
				SDKROOT = iphoneos;
				SWIFT_ACTIVE_COMPILATION_CONDITIONS = DEBUG;
				SWIFT_OPTIMIZATION_LEVEL = "-Onone";
			};
			name = Debug;
		};
		F845BD542801C18E00936DBB /* Release */ = {
			isa = XCBuildConfiguration;
			buildSettings = {
				ALWAYS_SEARCH_USER_PATHS = NO;
				CLANG_ANALYZER_NONNULL = YES;
				CLANG_ANALYZER_NUMBER_OBJECT_CONVERSION = YES_AGGRESSIVE;
				CLANG_CXX_LANGUAGE_STANDARD = "gnu++17";
				CLANG_ENABLE_MODULES = YES;
				CLANG_ENABLE_OBJC_ARC = YES;
				CLANG_ENABLE_OBJC_WEAK = YES;
				CLANG_WARN_BLOCK_CAPTURE_AUTORELEASING = YES;
				CLANG_WARN_BOOL_CONVERSION = YES;
				CLANG_WARN_COMMA = YES;
				CLANG_WARN_CONSTANT_CONVERSION = YES;
				CLANG_WARN_DEPRECATED_OBJC_IMPLEMENTATIONS = YES;
				CLANG_WARN_DIRECT_OBJC_ISA_USAGE = YES_ERROR;
				CLANG_WARN_DOCUMENTATION_COMMENTS = YES;
				CLANG_WARN_EMPTY_BODY = YES;
				CLANG_WARN_ENUM_CONVERSION = YES;
				CLANG_WARN_INFINITE_RECURSION = YES;
				CLANG_WARN_INT_CONVERSION = YES;
				CLANG_WARN_NON_LITERAL_NULL_CONVERSION = YES;
				CLANG_WARN_OBJC_IMPLICIT_RETAIN_SELF = YES;
				CLANG_WARN_OBJC_LITERAL_CONVERSION = YES;
				CLANG_WARN_OBJC_ROOT_CLASS = YES_ERROR;
				CLANG_WARN_QUOTED_INCLUDE_IN_FRAMEWORK_HEADER = YES;
				CLANG_WARN_RANGE_LOOP_ANALYSIS = YES;
				CLANG_WARN_STRICT_PROTOTYPES = YES;
				CLANG_WARN_SUSPICIOUS_MOVE = YES;
				CLANG_WARN_UNGUARDED_AVAILABILITY = YES_AGGRESSIVE;
				CLANG_WARN_UNREACHABLE_CODE = YES;
				CLANG_WARN__DUPLICATE_METHOD_MATCH = YES;
				COPY_PHASE_STRIP = NO;
				DEBUG_INFORMATION_FORMAT = "dwarf-with-dsym";
				ENABLE_NS_ASSERTIONS = NO;
				ENABLE_STRICT_OBJC_MSGSEND = YES;
				GCC_C_LANGUAGE_STANDARD = gnu11;
				GCC_NO_COMMON_BLOCKS = YES;
				GCC_WARN_64_TO_32_BIT_CONVERSION = YES;
				GCC_WARN_ABOUT_RETURN_TYPE = YES_ERROR;
				GCC_WARN_UNDECLARED_SELECTOR = YES;
				GCC_WARN_UNINITIALIZED_AUTOS = YES_AGGRESSIVE;
				GCC_WARN_UNUSED_FUNCTION = YES;
				GCC_WARN_UNUSED_VARIABLE = YES;
				IPHONEOS_DEPLOYMENT_TARGET = 15.4;
				MTL_ENABLE_DEBUG_INFO = NO;
				MTL_FAST_MATH = YES;
				SDKROOT = iphoneos;
				SWIFT_COMPILATION_MODE = wholemodule;
				SWIFT_OPTIMIZATION_LEVEL = "-O";
				VALIDATE_PRODUCT = YES;
			};
			name = Release;
		};
		F845BD562801C18E00936DBB /* Debug */ = {
			isa = XCBuildConfiguration;
			buildSettings = {
				ASSETCATALOG_COMPILER_APPICON_NAME = AppIcon;
				ASSETCATALOG_COMPILER_GLOBAL_ACCENT_COLOR_NAME = AccentColor;
				CODE_SIGN_STYLE = Automatic;
				CURRENT_PROJECT_VERSION = 1;
				DEVELOPMENT_ASSET_PATHS = "\"VideoPlayerJson/Preview Content\"";
				DEVELOPMENT_TEAM = H5J3S6F67R;
				ENABLE_PREVIEWS = YES;
				GENERATE_INFOPLIST_FILE = YES;
				INFOPLIST_KEY_UIApplicationSceneManifest_Generation = YES;
				INFOPLIST_KEY_UIApplicationSupportsIndirectInputEvents = YES;
				INFOPLIST_KEY_UILaunchScreen_Generation = YES;
				INFOPLIST_KEY_UISupportedInterfaceOrientations_iPad = "UIInterfaceOrientationPortrait UIInterfaceOrientationPortraitUpsideDown UIInterfaceOrientationLandscapeLeft UIInterfaceOrientationLandscapeRight";
				INFOPLIST_KEY_UISupportedInterfaceOrientations_iPhone = "UIInterfaceOrientationPortrait UIInterfaceOrientationLandscapeLeft UIInterfaceOrientationLandscapeRight";
				LD_RUNPATH_SEARCH_PATHS = (
					"$(inherited)",
					"@executable_path/Frameworks",
				);
				MARKETING_VERSION = 1.0;
				PRODUCT_BUNDLE_IDENTIFIER = com.pal.artem.VideoPlayerJson;
				PRODUCT_NAME = "$(TARGET_NAME)";
				SWIFT_EMIT_LOC_STRINGS = YES;
				SWIFT_VERSION = 5.0;
				TARGETED_DEVICE_FAMILY = "1,2";
			};
			name = Debug;
		};
		F845BD572801C18E00936DBB /* Release */ = {
			isa = XCBuildConfiguration;
			buildSettings = {
				ASSETCATALOG_COMPILER_APPICON_NAME = AppIcon;
				ASSETCATALOG_COMPILER_GLOBAL_ACCENT_COLOR_NAME = AccentColor;
				CODE_SIGN_STYLE = Automatic;
				CURRENT_PROJECT_VERSION = 1;
				DEVELOPMENT_ASSET_PATHS = "\"VideoPlayerJson/Preview Content\"";
				DEVELOPMENT_TEAM = H5J3S6F67R;
				ENABLE_PREVIEWS = YES;
				GENERATE_INFOPLIST_FILE = YES;
				INFOPLIST_KEY_UIApplicationSceneManifest_Generation = YES;
				INFOPLIST_KEY_UIApplicationSupportsIndirectInputEvents = YES;
				INFOPLIST_KEY_UILaunchScreen_Generation = YES;
				INFOPLIST_KEY_UISupportedInterfaceOrientations_iPad = "UIInterfaceOrientationPortrait UIInterfaceOrientationPortraitUpsideDown UIInterfaceOrientationLandscapeLeft UIInterfaceOrientationLandscapeRight";
				INFOPLIST_KEY_UISupportedInterfaceOrientations_iPhone = "UIInterfaceOrientationPortrait UIInterfaceOrientationLandscapeLeft UIInterfaceOrientationLandscapeRight";
				LD_RUNPATH_SEARCH_PATHS = (
					"$(inherited)",
					"@executable_path/Frameworks",
				);
				MARKETING_VERSION = 1.0;
				PRODUCT_BUNDLE_IDENTIFIER = com.pal.artem.VideoPlayerJson;
				PRODUCT_NAME = "$(TARGET_NAME)";
				SWIFT_EMIT_LOC_STRINGS = YES;
				SWIFT_VERSION = 5.0;
				TARGETED_DEVICE_FAMILY = "1,2";
			};
			name = Release;
		};
/* End XCBuildConfiguration section */

/* Begin XCConfigurationList section */
		F845BD422801C18D00936DBB /* Build configuration list for PBXProject "VideoPlayerJson" */ = {
			isa = XCConfigurationList;
			buildConfigurations = (
				F845BD532801C18E00936DBB /* Debug */,
				F845BD542801C18E00936DBB /* Release */,
			);
			defaultConfigurationIsVisible = 0;
			defaultConfigurationName = Release;
		};
		F845BD552801C18E00936DBB /* Build configuration list for PBXNativeTarget "VideoPlayerJson" */ = {
			isa = XCConfigurationList;
			buildConfigurations = (
				F845BD562801C18E00936DBB /* Debug */,
				F845BD572801C18E00936DBB /* Release */,
			);
			defaultConfigurationIsVisible = 0;
			defaultConfigurationName = Release;
		};
/* End XCConfigurationList section */
	};
	rootObject = F845BD3F2801C18D00936DBB /* Project object */;
}
